
Microsoft Visual Studio Solution File, Format Version 12.00
# Visual Studio Version 16
VisualStudioVersion = 16.0.29326.143
MinimumVisualStudioVersion = 10.0.40219.1
Project("{9A19103F-16F7-4668-BE54-9A1E7A4F7556}") = "OSharp", "src\OSharp\OSharp.csproj", "{FBB83D86-5ED9-45A6-B275-78EC8316B5ED}"
EndProject
Project("{9A19103F-16F7-4668-BE54-9A1E7A4F7556}") = "OSharp.AspNetCore", "src\OSharp.AspNetCore\OSharp.AspNetCore.csproj", "{538286BE-7B89-44EF-A978-A6CDD6515788}"
EndProject
Project("{2150E333-8FDC-42A3-9474-1A3956D46DE8}") = "src", "src", "{95762579-BDE5-4435-812C-68D4E161EE80}"
EndProject
Project("{9A19103F-16F7-4668-BE54-9A1E7A4F7556}") = "OSharp.AspNetCore.Diagnostics", "src\OSharp.AspNetCore.Diagnostics\OSharp.AspNetCore.Diagnostics.csproj", "{C973B2A1-58F6-4C53-A81F-CABBB1AADDDD}"
EndProject
Project("{9A19103F-16F7-4668-BE54-9A1E7A4F7556}") = "OSharp.AutoMapper", "src\OSharp.AutoMapper\OSharp.AutoMapper.csproj", "{CC7E6288-F33E-4920-86F8-62454D0D7D71}"
EndProject
Project("{9A19103F-16F7-4668-BE54-9A1E7A4F7556}") = "OSharp.CodeGeneration", "src\OSharp.CodeGeneration\OSharp.CodeGeneration.csproj", "{7393958D-F70A-4E7A-AE7F-3905786C3855}"
EndProject
Project("{9A19103F-16F7-4668-BE54-9A1E7A4F7556}") = "OSharp.EntityFrameworkCore", "src\OSharp.EntityFrameworkCore\OSharp.EntityFrameworkCore.csproj", "{611215D1-23F8-42C9-9FAA-B52085E255F3}"
EndProject
Project("{9A19103F-16F7-4668-BE54-9A1E7A4F7556}") = "OSharp.EntityFrameworkCore.MySql", "src\OSharp.EntityFrameworkCore.MySql\OSharp.EntityFrameworkCore.MySql.csproj", "{432328EA-11CB-4159-81C0-7866FE4A475C}"
EndProject
Project("{9A19103F-16F7-4668-BE54-9A1E7A4F7556}") = "OSharp.EntityFrameworkCore.Oracle", "src\OSharp.EntityFrameworkCore.Oracle\OSharp.EntityFrameworkCore.Oracle.csproj", "{8B2DFA1C-5266-4CA3-9323-96DF2EF7E075}"
EndProject
Project("{9A19103F-16F7-4668-BE54-9A1E7A4F7556}") = "OSharp.EntityFrameworkCore.PostgreSql", "src\OSharp.EntityFrameworkCore.PostgreSql\OSharp.EntityFrameworkCore.PostgreSql.csproj", "{56B72FE3-3D74-44F8-B8C4-629342FD4C08}"
EndProject
Project("{9A19103F-16F7-4668-BE54-9A1E7A4F7556}") = "OSharp.EntityFrameworkCore.Sqlite", "src\OSharp.EntityFrameworkCore.Sqlite\OSharp.EntityFrameworkCore.Sqlite.csproj", "{D7892FC4-1D00-4E40-997A-C96090959B57}"
EndProject
Project("{9A19103F-16F7-4668-BE54-9A1E7A4F7556}") = "OSharp.EntityFrameworkCore.SqlServer", "src\OSharp.EntityFrameworkCore.SqlServer\OSharp.EntityFrameworkCore.SqlServer.csproj", "{1A98157A-40BF-4A54-86DE-32E448892C37}"
EndProject
Project("{9A19103F-16F7-4668-BE54-9A1E7A4F7556}") = "OSharp.Exceptionless", "src\OSharp.Exceptionless\OSharp.Exceptionless.csproj", "{C8AAB0BA-65CF-412D-97FD-B0F4EC898E4D}"
EndProject
Project("{9A19103F-16F7-4668-BE54-9A1E7A4F7556}") = "OSharp.Hangfire", "src\OSharp.Hangfire\OSharp.Hangfire.csproj", "{9F2E51F0-D21C-4776-9109-6ED198228EF9}"
EndProject
Project("{9A19103F-16F7-4668-BE54-9A1E7A4F7556}") = "OSharp.Log4Net", "src\OSharp.Log4Net\OSharp.Log4Net.csproj", "{A31C8702-1E3A-4EDD-8A59-06E039C69C12}"
EndProject
Project("{9A19103F-16F7-4668-BE54-9A1E7A4F7556}") = "OSharp.MiniProfiler", "src\OSharp.MiniProfiler\OSharp.MiniProfiler.csproj", "{8E6A7A1A-26C3-4013-95EC-61F3FF7B0455}"
EndProject
Project("{9A19103F-16F7-4668-BE54-9A1E7A4F7556}") = "OSharp.NLog", "src\OSharp.NLog\OSharp.NLog.csproj", "{10073EE7-5814-47EC-B02B-99ED099FFF96}"
EndProject
Project("{9A19103F-16F7-4668-BE54-9A1E7A4F7556}") = "OSharp.Permissions", "src\OSharp.Permissions\OSharp.Permissions.csproj", "{7D46B85B-B5A1-43CA-8396-03DD7F5B0CF1}"
EndProject
Project("{9A19103F-16F7-4668-BE54-9A1E7A4F7556}") = "OSharp.Redis", "src\OSharp.Redis\OSharp.Redis.csproj", "{75900271-DA8F-4D29-83BA-2ABB9752A6AE}"
EndProject
Project("{9A19103F-16F7-4668-BE54-9A1E7A4F7556}") = "OSharp.Swagger", "src\OSharp.Swagger\OSharp.Swagger.csproj", "{9E984A62-DD23-487F-B4A7-FC99AD27F92C}"
EndProject
Project("{2150E333-8FDC-42A3-9474-1A3956D46DE8}") = "build", "build", "{9C261BE2-52E4-4E6D-A96D-5616CC61B0AD}"
	ProjectSection(SolutionItems) = preProject
		build\OSharpNS30.nuspec = build\OSharpNS30.nuspec
		build\public.netcoreapp30.props = build\public.netcoreapp30.props
		build\public.netstandard21.props = build\public.netstandard21.props
		build\version30.props = build\version30.props
	EndProjectSection
EndProject
Project("{2150E333-8FDC-42A3-9474-1A3956D46DE8}") = "web", "web", "{864AA088-BC36-487D-AA9C-ACD9D922FE61}"
EndProject
Project("{FAE04EC0-301F-11D3-BF4B-00C04F79EFBC}") = "Liuliu.Demo.EntityConfiguration", "samples\web\Liuliu.Demo.EntityConfiguration\Liuliu.Demo.EntityConfiguration.csproj", "{5E9C7B37-676A-4D41-A002-90D170F49E40}"
EndProject
Project("{FAE04EC0-301F-11D3-BF4B-00C04F79EFBC}") = "Liuliu.Demo.Core", "samples\web\Liuliu.Demo.Core\Liuliu.Demo.Core.csproj", "{CFC89302-2E01-499F-8063-C00785E2C7A7}"
EndProject
Project("{FAE04EC0-301F-11D3-BF4B-00C04F79EFBC}") = "Liuliu.Demo.Web", "samples\web\Liuliu.Demo.Web\Liuliu.Demo.Web.csproj", "{83CD570C-9BBF-4E52-87A5-0369B8273CA6}"
EndProject
Global
	GlobalSection(SolutionConfigurationPlatforms) = preSolution
		Debug|Any CPU = Debug|Any CPU
		Release|Any CPU = Release|Any CPU
	EndGlobalSection
	GlobalSection(ProjectConfigurationPlatforms) = postSolution
		{FBB83D86-5ED9-45A6-B275-78EC8316B5ED}.Debug|Any CPU.ActiveCfg = Debug|Any CPU
		{FBB83D86-5ED9-45A6-B275-78EC8316B5ED}.Debug|Any CPU.Build.0 = Debug|Any CPU
		{FBB83D86-5ED9-45A6-B275-78EC8316B5ED}.Release|Any CPU.ActiveCfg = Release|Any CPU
		{FBB83D86-5ED9-45A6-B275-78EC8316B5ED}.Release|Any CPU.Build.0 = Release|Any CPU
		{538286BE-7B89-44EF-A978-A6CDD6515788}.Debug|Any CPU.ActiveCfg = Debug|Any CPU
		{538286BE-7B89-44EF-A978-A6CDD6515788}.Debug|Any CPU.Build.0 = Debug|Any CPU
		{538286BE-7B89-44EF-A978-A6CDD6515788}.Release|Any CPU.ActiveCfg = Release|Any CPU
		{538286BE-7B89-44EF-A978-A6CDD6515788}.Release|Any CPU.Build.0 = Release|Any CPU
		{C973B2A1-58F6-4C53-A81F-CABBB1AADDDD}.Debug|Any CPU.ActiveCfg = Debug|Any CPU
		{C973B2A1-58F6-4C53-A81F-CABBB1AADDDD}.Debug|Any CPU.Build.0 = Debug|Any CPU
		{C973B2A1-58F6-4C53-A81F-CABBB1AADDDD}.Release|Any CPU.ActiveCfg = Release|Any CPU
		{C973B2A1-58F6-4C53-A81F-CABBB1AADDDD}.Release|Any CPU.Build.0 = Release|Any CPU
		{CC7E6288-F33E-4920-86F8-62454D0D7D71}.Debug|Any CPU.ActiveCfg = Debug|Any CPU
		{CC7E6288-F33E-4920-86F8-62454D0D7D71}.Debug|Any CPU.Build.0 = Debug|Any CPU
		{CC7E6288-F33E-4920-86F8-62454D0D7D71}.Release|Any CPU.ActiveCfg = Release|Any CPU
		{CC7E6288-F33E-4920-86F8-62454D0D7D71}.Release|Any CPU.Build.0 = Release|Any CPU
		{7393958D-F70A-4E7A-AE7F-3905786C3855}.Debug|Any CPU.ActiveCfg = Debug|Any CPU
		{7393958D-F70A-4E7A-AE7F-3905786C3855}.Debug|Any CPU.Build.0 = Debug|Any CPU
		{7393958D-F70A-4E7A-AE7F-3905786C3855}.Release|Any CPU.ActiveCfg = Release|Any CPU
		{7393958D-F70A-4E7A-AE7F-3905786C3855}.Release|Any CPU.Build.0 = Release|Any CPU
		{611215D1-23F8-42C9-9FAA-B52085E255F3}.Debug|Any CPU.ActiveCfg = Debug|Any CPU
		{611215D1-23F8-42C9-9FAA-B52085E255F3}.Debug|Any CPU.Build.0 = Debug|Any CPU
		{611215D1-23F8-42C9-9FAA-B52085E255F3}.Release|Any CPU.ActiveCfg = Release|Any CPU
		{611215D1-23F8-42C9-9FAA-B52085E255F3}.Release|Any CPU.Build.0 = Release|Any CPU
		{432328EA-11CB-4159-81C0-7866FE4A475C}.Debug|Any CPU.ActiveCfg = Debug|Any CPU
		{432328EA-11CB-4159-81C0-7866FE4A475C}.Debug|Any CPU.Build.0 = Debug|Any CPU
		{432328EA-11CB-4159-81C0-7866FE4A475C}.Release|Any CPU.ActiveCfg = Release|Any CPU
		{432328EA-11CB-4159-81C0-7866FE4A475C}.Release|Any CPU.Build.0 = Release|Any CPU
		{8B2DFA1C-5266-4CA3-9323-96DF2EF7E075}.Debug|Any CPU.ActiveCfg = Debug|Any CPU
		{8B2DFA1C-5266-4CA3-9323-96DF2EF7E075}.Debug|Any CPU.Build.0 = Debug|Any CPU
		{8B2DFA1C-5266-4CA3-9323-96DF2EF7E075}.Release|Any CPU.ActiveCfg = Release|Any CPU
		{8B2DFA1C-5266-4CA3-9323-96DF2EF7E075}.Release|Any CPU.Build.0 = Release|Any CPU
		{56B72FE3-3D74-44F8-B8C4-629342FD4C08}.Debug|Any CPU.ActiveCfg = Debug|Any CPU
		{56B72FE3-3D74-44F8-B8C4-629342FD4C08}.Debug|Any CPU.Build.0 = Debug|Any CPU
		{56B72FE3-3D74-44F8-B8C4-629342FD4C08}.Release|Any CPU.ActiveCfg = Release|Any CPU
		{56B72FE3-3D74-44F8-B8C4-629342FD4C08}.Release|Any CPU.Build.0 = Release|Any CPU
		{D7892FC4-1D00-4E40-997A-C96090959B57}.Debug|Any CPU.ActiveCfg = Debug|Any CPU
		{D7892FC4-1D00-4E40-997A-C96090959B57}.Debug|Any CPU.Build.0 = Debug|Any CPU
		{D7892FC4-1D00-4E40-997A-C96090959B57}.Release|Any CPU.ActiveCfg = Release|Any CPU
		{D7892FC4-1D00-4E40-997A-C96090959B57}.Release|Any CPU.Build.0 = Release|Any CPU
		{1A98157A-40BF-4A54-86DE-32E448892C37}.Debug|Any CPU.ActiveCfg = Debug|Any CPU
		{1A98157A-40BF-4A54-86DE-32E448892C37}.Debug|Any CPU.Build.0 = Debug|Any CPU
		{1A98157A-40BF-4A54-86DE-32E448892C37}.Release|Any CPU.ActiveCfg = Release|Any CPU
		{1A98157A-40BF-4A54-86DE-32E448892C37}.Release|Any CPU.Build.0 = Release|Any CPU
		{C8AAB0BA-65CF-412D-97FD-B0F4EC898E4D}.Debug|Any CPU.ActiveCfg = Debug|Any CPU
		{C8AAB0BA-65CF-412D-97FD-B0F4EC898E4D}.Debug|Any CPU.Build.0 = Debug|Any CPU
		{C8AAB0BA-65CF-412D-97FD-B0F4EC898E4D}.Release|Any CPU.ActiveCfg = Release|Any CPU
		{C8AAB0BA-65CF-412D-97FD-B0F4EC898E4D}.Release|Any CPU.Build.0 = Release|Any CPU
		{9F2E51F0-D21C-4776-9109-6ED198228EF9}.Debug|Any CPU.ActiveCfg = Debug|Any CPU
		{9F2E51F0-D21C-4776-9109-6ED198228EF9}.Debug|Any CPU.Build.0 = Debug|Any CPU
		{9F2E51F0-D21C-4776-9109-6ED198228EF9}.Release|Any CPU.ActiveCfg = Release|Any CPU
		{9F2E51F0-D21C-4776-9109-6ED198228EF9}.Release|Any CPU.Build.0 = Release|Any CPU
		{A31C8702-1E3A-4EDD-8A59-06E039C69C12}.Debug|Any CPU.ActiveCfg = Debug|Any CPU
		{A31C8702-1E3A-4EDD-8A59-06E039C69C12}.Debug|Any CPU.Build.0 = Debug|Any CPU
		{A31C8702-1E3A-4EDD-8A59-06E039C69C12}.Release|Any CPU.ActiveCfg = Release|Any CPU
		{A31C8702-1E3A-4EDD-8A59-06E039C69C12}.Release|Any CPU.Build.0 = Release|Any CPU
		{8E6A7A1A-26C3-4013-95EC-61F3FF7B0455}.Debug|Any CPU.ActiveCfg = Debug|Any CPU
		{8E6A7A1A-26C3-4013-95EC-61F3FF7B0455}.Debug|Any CPU.Build.0 = Debug|Any CPU
		{8E6A7A1A-26C3-4013-95EC-61F3FF7B0455}.Release|Any CPU.ActiveCfg = Release|Any CPU
		{8E6A7A1A-26C3-4013-95EC-61F3FF7B0455}.Release|Any CPU.Build.0 = Release|Any CPU
		{10073EE7-5814-47EC-B02B-99ED099FFF96}.Debug|Any CPU.ActiveCfg = Debug|Any CPU
		{10073EE7-5814-47EC-B02B-99ED099FFF96}.Debug|Any CPU.Build.0 = Debug|Any CPU
		{10073EE7-5814-47EC-B02B-99ED099FFF96}.Release|Any CPU.ActiveCfg = Release|Any CPU
		{10073EE7-5814-47EC-B02B-99ED099FFF96}.Release|Any CPU.Build.0 = Release|Any CPU
		{7D46B85B-B5A1-43CA-8396-03DD7F5B0CF1}.Debug|Any CPU.ActiveCfg = Debug|Any CPU
		{7D46B85B-B5A1-43CA-8396-03DD7F5B0CF1}.Debug|Any CPU.Build.0 = Debug|Any CPU
		{7D46B85B-B5A1-43CA-8396-03DD7F5B0CF1}.Release|Any CPU.ActiveCfg = Release|Any CPU
		{7D46B85B-B5A1-43CA-8396-03DD7F5B0CF1}.Release|Any CPU.Build.0 = Release|Any CPU
		{75900271-DA8F-4D29-83BA-2ABB9752A6AE}.Debug|Any CPU.ActiveCfg = Debug|Any CPU
		{75900271-DA8F-4D29-83BA-2ABB9752A6AE}.Debug|Any CPU.Build.0 = Debug|Any CPU
		{75900271-DA8F-4D29-83BA-2ABB9752A6AE}.Release|Any CPU.ActiveCfg = Release|Any CPU
		{75900271-DA8F-4D29-83BA-2ABB9752A6AE}.Release|Any CPU.Build.0 = Release|Any CPU
		{9E984A62-DD23-487F-B4A7-FC99AD27F92C}.Debug|Any CPU.ActiveCfg = Debug|Any CPU
		{9E984A62-DD23-487F-B4A7-FC99AD27F92C}.Debug|Any CPU.Build.0 = Debug|Any CPU
		{9E984A62-DD23-487F-B4A7-FC99AD27F92C}.Release|Any CPU.ActiveCfg = Release|Any CPU
		{9E984A62-DD23-487F-B4A7-FC99AD27F92C}.Release|Any CPU.Build.0 = Release|Any CPU
		{5E9C7B37-676A-4D41-A002-90D170F49E40}.Debug|Any CPU.ActiveCfg = Debug|Any CPU
		{5E9C7B37-676A-4D41-A002-90D170F49E40}.Debug|Any CPU.Build.0 = Debug|Any CPU
		{5E9C7B37-676A-4D41-A002-90D170F49E40}.Release|Any CPU.ActiveCfg = Release|Any CPU
		{5E9C7B37-676A-4D41-A002-90D170F49E40}.Release|Any CPU.Build.0 = Release|Any CPU
		{CFC89302-2E01-499F-8063-C00785E2C7A7}.Debug|Any CPU.ActiveCfg = Debug|Any CPU
		{CFC89302-2E01-499F-8063-C00785E2C7A7}.Debug|Any CPU.Build.0 = Debug|Any CPU
		{CFC89302-2E01-499F-8063-C00785E2C7A7}.Release|Any CPU.ActiveCfg = Release|Any CPU
		{CFC89302-2E01-499F-8063-C00785E2C7A7}.Release|Any CPU.Build.0 = Release|Any CPU
		{83CD570C-9BBF-4E52-87A5-0369B8273CA6}.Debug|Any CPU.ActiveCfg = Debug|Any CPU
		{83CD570C-9BBF-4E52-87A5-0369B8273CA6}.Debug|Any CPU.Build.0 = Debug|Any CPU
		{83CD570C-9BBF-4E52-87A5-0369B8273CA6}.Release|Any CPU.ActiveCfg = Release|Any CPU
		{83CD570C-9BBF-4E52-87A5-0369B8273CA6}.Release|Any CPU.Build.0 = Release|Any CPU
	EndGlobalSection
	GlobalSection(SolutionProperties) = preSolution
		HideSolutionNode = FALSE
	EndGlobalSection
	GlobalSection(NestedProjects) = preSolution
		{FBB83D86-5ED9-45A6-B275-78EC8316B5ED} = {95762579-BDE5-4435-812C-68D4E161EE80}
		{538286BE-7B89-44EF-A978-A6CDD6515788} = {95762579-BDE5-4435-812C-68D4E161EE80}
		{C973B2A1-58F6-4C53-A81F-CABBB1AADDDD} = {95762579-BDE5-4435-812C-68D4E161EE80}
		{CC7E6288-F33E-4920-86F8-62454D0D7D71} = {95762579-BDE5-4435-812C-68D4E161EE80}
		{7393958D-F70A-4E7A-AE7F-3905786C3855} = {95762579-BDE5-4435-812C-68D4E161EE80}
		{611215D1-23F8-42C9-9FAA-B52085E255F3} = {95762579-BDE5-4435-812C-68D4E161EE80}
		{432328EA-11CB-4159-81C0-7866FE4A475C} = {95762579-BDE5-4435-812C-68D4E161EE80}
		{8B2DFA1C-5266-4CA3-9323-96DF2EF7E075} = {95762579-BDE5-4435-812C-68D4E161EE80}
		{56B72FE3-3D74-44F8-B8C4-629342FD4C08} = {95762579-BDE5-4435-812C-68D4E161EE80}
		{D7892FC4-1D00-4E40-997A-C96090959B57} = {95762579-BDE5-4435-812C-68D4E161EE80}
		{1A98157A-40BF-4A54-86DE-32E448892C37} = {95762579-BDE5-4435-812C-68D4E161EE80}
		{C8AAB0BA-65CF-412D-97FD-B0F4EC898E4D} = {95762579-BDE5-4435-812C-68D4E161EE80}
		{9F2E51F0-D21C-4776-9109-6ED198228EF9} = {95762579-BDE5-4435-812C-68D4E161EE80}
		{A31C8702-1E3A-4EDD-8A59-06E039C69C12} = {95762579-BDE5-4435-812C-68D4E161EE80}
		{8E6A7A1A-26C3-4013-95EC-61F3FF7B0455} = {95762579-BDE5-4435-812C-68D4E161EE80}
		{10073EE7-5814-47EC-B02B-99ED099FFF96} = {95762579-BDE5-4435-812C-68D4E161EE80}
		{7D46B85B-B5A1-43CA-8396-03DD7F5B0CF1} = {95762579-BDE5-4435-812C-68D4E161EE80}
		{75900271-DA8F-4D29-83BA-2ABB9752A6AE} = {95762579-BDE5-4435-812C-68D4E161EE80}
		{9E984A62-DD23-487F-B4A7-FC99AD27F92C} = {95762579-BDE5-4435-812C-68D4E161EE80}
		{5E9C7B37-676A-4D41-A002-90D170F49E40} = {864AA088-BC36-487D-AA9C-ACD9D922FE61}
		{CFC89302-2E01-499F-8063-C00785E2C7A7} = {864AA088-BC36-487D-AA9C-ACD9D922FE61}
		{83CD570C-9BBF-4E52-87A5-0369B8273CA6} = {864AA088-BC36-487D-AA9C-ACD9D922FE61}
	EndGlobalSection
	GlobalSection(ExtensibilityGlobals) = postSolution
		SolutionGuid = {F43ED684-4963-4CF7-996E-64BBA07916B9}
	EndGlobalSection
EndGlobal
