
Microsoft Visual Studio Solution File, Format Version 12.00
# Visual Studio 15
VisualStudioVersion = 15.0.27130.2020
MinimumVisualStudioVersion = 10.0.40219.1
Project("{9A19103F-16F7-4668-BE54-9A1E7A4F7556}") = "OSharp", "src\OSharp\OSharp.csproj", "{D1B8F25F-68ED-470B-B996-436FE321F74A}"
EndProject
Project("{2150E333-8FDC-42A3-9474-1A3956D46DE8}") = "src", "src", "{B8A3E282-3D4E-44DB-A7AC-3B7A076367FE}"
EndProject
Project("{9A19103F-16F7-4668-BE54-9A1E7A4F7556}") = "OSharp.Permissions", "src\OSharp.Permissions\OSharp.Permissions.csproj", "{18360BC4-577D-41F0-AFA8-054AF749DD8E}"
EndProject
Project("{9A19103F-16F7-4668-BE54-9A1E7A4F7556}") = "OSharp.AspNetCore", "src\OSharp.AspNetCore\OSharp.AspNetCore.csproj", "{DCF684C5-594A-471C-BD43-128F16B1E7A5}"
EndProject
Project("{9A19103F-16F7-4668-BE54-9A1E7A4F7556}") = "OSharp.EntityFrameworkCore", "src\OSharp.EntityFrameworkCore\OSharp.EntityFrameworkCore.csproj", "{437F36CC-358E-41B4-A875-FA79F518DC6F}"
EndProject
Project("{9A19103F-16F7-4668-BE54-9A1E7A4F7556}") = "OSharp.AutoMapper", "src\OSharp.AutoMapper\OSharp.AutoMapper.csproj", "{79640129-15A3-4AB6-9473-FE4EBAC334E2}"
EndProject
Project("{2150E333-8FDC-42A3-9474-1A3956D46DE8}") = "tests", "tests", "{EEF78D51-F42A-4C99-B6F1-5AB3CFDB6F26}"
EndProject
Project("{2150E333-8FDC-42A3-9474-1A3956D46DE8}") = "build", "build", "{1C28DC5F-206B-4F00-819E-358B9351F5C4}"
	ProjectSection(SolutionItems) = preProject
		.travis.yml = .travis.yml
		build\OSharp.Keys.snk = build\OSharp.Keys.snk
		build\OSharpNS.nuspec = build\OSharpNS.nuspec
		build\public.props = build\public.props
		build\version.props = build\version.props
	EndProjectSection
EndProject
Project("{2150E333-8FDC-42A3-9474-1A3956D46DE8}") = "docs", "docs", "{806C30F7-24C2-4506-9E06-AF1B5534C098}"
	ProjectSection(SolutionItems) = preProject
		README.md = README.md
	EndProjectSection
EndProject
Project("{9A19103F-16F7-4668-BE54-9A1E7A4F7556}") = "OSharp.EntityFrameworkCore.SqlServer", "src\OSharp.EntityFrameworkCore.SqlServer\OSharp.EntityFrameworkCore.SqlServer.csproj", "{2ACDE867-4B21-40B1-AC52-A14BDA260787}"
EndProject
Project("{2150E333-8FDC-42A3-9474-1A3956D46DE8}") = "web", "web", "{0E239259-0BC3-4521-AD60-07CB87263140}"
EndProject
Project("{9A19103F-16F7-4668-BE54-9A1E7A4F7556}") = "Liuliu.Demo.Core", "tests\web\Liuliu.Demo.Core\Liuliu.Demo.Core.csproj", "{65289D82-D632-4804-9F00-CCBB39F8D561}"
EndProject
Project("{9A19103F-16F7-4668-BE54-9A1E7A4F7556}") = "Liuliu.Demo.EntityConfiguration", "tests\web\Liuliu.Demo.EntityConfiguration\Liuliu.Demo.EntityConfiguration.csproj", "{0D5EE763-EFAC-4DE7-8F19-69452908B307}"
EndProject
Project("{9A19103F-16F7-4668-BE54-9A1E7A4F7556}") = "OSharp.UnitTest.Infrastructure", "tests\OSharp.UnitTest.Infrastructure\OSharp.UnitTest.Infrastructure.csproj", "{02F4EBDC-FAF4-46E8-B685-35877A5D4A3C}"
EndProject
Project("{9A19103F-16F7-4668-BE54-9A1E7A4F7556}") = "OSharp.Tests", "tests\OSharp.Tests\OSharp.Tests.csproj", "{7D49DBA3-2A22-4DE9-B668-E73E29C3D7A7}"
EndProject
Project("{9A19103F-16F7-4668-BE54-9A1E7A4F7556}") = "OSharp.Permissions.Tests", "tests\OSharp.Permissions.Tests\OSharp.Permissions.Tests.csproj", "{186A8BDB-8A2D-4E16-9F7C-36F33960809D}"
EndProject
Project("{9A19103F-16F7-4668-BE54-9A1E7A4F7556}") = "OSharp.EntityFrameworkCore.MySql", "src\OSharp.EntityFrameworkCore.MySql\OSharp.EntityFrameworkCore.MySql.csproj", "{01974482-F9CA-41E7-A9EF-EB13C939570F}"
EndProject
Project("{9A19103F-16F7-4668-BE54-9A1E7A4F7556}") = "Liuliu.Demo.Web", "tests\web\Liuliu.Demo.Web\Liuliu.Demo.Web.csproj", "{B0BC26F8-5011-44DE-B516-643683DB7655}"
EndProject
Global
	GlobalSection(SolutionConfigurationPlatforms) = preSolution
		Debug|Any CPU = Debug|Any CPU
		Release|Any CPU = Release|Any CPU
	EndGlobalSection
	GlobalSection(ProjectConfigurationPlatforms) = postSolution
		{D1B8F25F-68ED-470B-B996-436FE321F74A}.Debug|Any CPU.ActiveCfg = Debug|Any CPU
		{D1B8F25F-68ED-470B-B996-436FE321F74A}.Debug|Any CPU.Build.0 = Debug|Any CPU
		{D1B8F25F-68ED-470B-B996-436FE321F74A}.Release|Any CPU.ActiveCfg = Release|Any CPU
		{D1B8F25F-68ED-470B-B996-436FE321F74A}.Release|Any CPU.Build.0 = Release|Any CPU
		{18360BC4-577D-41F0-AFA8-054AF749DD8E}.Debug|Any CPU.ActiveCfg = Debug|Any CPU
		{18360BC4-577D-41F0-AFA8-054AF749DD8E}.Debug|Any CPU.Build.0 = Debug|Any CPU
		{18360BC4-577D-41F0-AFA8-054AF749DD8E}.Release|Any CPU.ActiveCfg = Release|Any CPU
		{18360BC4-577D-41F0-AFA8-054AF749DD8E}.Release|Any CPU.Build.0 = Release|Any CPU
		{DCF684C5-594A-471C-BD43-128F16B1E7A5}.Debug|Any CPU.ActiveCfg = Debug|Any CPU
		{DCF684C5-594A-471C-BD43-128F16B1E7A5}.Debug|Any CPU.Build.0 = Debug|Any CPU
		{DCF684C5-594A-471C-BD43-128F16B1E7A5}.Release|Any CPU.ActiveCfg = Release|Any CPU
		{DCF684C5-594A-471C-BD43-128F16B1E7A5}.Release|Any CPU.Build.0 = Release|Any CPU
		{437F36CC-358E-41B4-A875-FA79F518DC6F}.Debug|Any CPU.ActiveCfg = Debug|Any CPU
		{437F36CC-358E-41B4-A875-FA79F518DC6F}.Debug|Any CPU.Build.0 = Debug|Any CPU
		{437F36CC-358E-41B4-A875-FA79F518DC6F}.Release|Any CPU.ActiveCfg = Release|Any CPU
		{437F36CC-358E-41B4-A875-FA79F518DC6F}.Release|Any CPU.Build.0 = Release|Any CPU
		{79640129-15A3-4AB6-9473-FE4EBAC334E2}.Debug|Any CPU.ActiveCfg = Debug|Any CPU
		{79640129-15A3-4AB6-9473-FE4EBAC334E2}.Debug|Any CPU.Build.0 = Debug|Any CPU
		{79640129-15A3-4AB6-9473-FE4EBAC334E2}.Release|Any CPU.ActiveCfg = Release|Any CPU
		{79640129-15A3-4AB6-9473-FE4EBAC334E2}.Release|Any CPU.Build.0 = Release|Any CPU
		{2ACDE867-4B21-40B1-AC52-A14BDA260787}.Debug|Any CPU.ActiveCfg = Debug|Any CPU
		{2ACDE867-4B21-40B1-AC52-A14BDA260787}.Debug|Any CPU.Build.0 = Debug|Any CPU
		{2ACDE867-4B21-40B1-AC52-A14BDA260787}.Release|Any CPU.ActiveCfg = Release|Any CPU
		{2ACDE867-4B21-40B1-AC52-A14BDA260787}.Release|Any CPU.Build.0 = Release|Any CPU
		{65289D82-D632-4804-9F00-CCBB39F8D561}.Debug|Any CPU.ActiveCfg = Debug|Any CPU
		{65289D82-D632-4804-9F00-CCBB39F8D561}.Debug|Any CPU.Build.0 = Debug|Any CPU
		{65289D82-D632-4804-9F00-CCBB39F8D561}.Release|Any CPU.ActiveCfg = Release|Any CPU
		{65289D82-D632-4804-9F00-CCBB39F8D561}.Release|Any CPU.Build.0 = Release|Any CPU
		{0D5EE763-EFAC-4DE7-8F19-69452908B307}.Debug|Any CPU.ActiveCfg = Debug|Any CPU
		{0D5EE763-EFAC-4DE7-8F19-69452908B307}.Debug|Any CPU.Build.0 = Debug|Any CPU
		{0D5EE763-EFAC-4DE7-8F19-69452908B307}.Release|Any CPU.ActiveCfg = Release|Any CPU
		{0D5EE763-EFAC-4DE7-8F19-69452908B307}.Release|Any CPU.Build.0 = Release|Any CPU
		{02F4EBDC-FAF4-46E8-B685-35877A5D4A3C}.Debug|Any CPU.ActiveCfg = Debug|Any CPU
		{02F4EBDC-FAF4-46E8-B685-35877A5D4A3C}.Debug|Any CPU.Build.0 = Debug|Any CPU
		{02F4EBDC-FAF4-46E8-B685-35877A5D4A3C}.Release|Any CPU.ActiveCfg = Release|Any CPU
		{02F4EBDC-FAF4-46E8-B685-35877A5D4A3C}.Release|Any CPU.Build.0 = Release|Any CPU
		{7D49DBA3-2A22-4DE9-B668-E73E29C3D7A7}.Debug|Any CPU.ActiveCfg = Debug|Any CPU
		{7D49DBA3-2A22-4DE9-B668-E73E29C3D7A7}.Debug|Any CPU.Build.0 = Debug|Any CPU
		{7D49DBA3-2A22-4DE9-B668-E73E29C3D7A7}.Release|Any CPU.ActiveCfg = Release|Any CPU
		{7D49DBA3-2A22-4DE9-B668-E73E29C3D7A7}.Release|Any CPU.Build.0 = Release|Any CPU
		{186A8BDB-8A2D-4E16-9F7C-36F33960809D}.Debug|Any CPU.ActiveCfg = Debug|Any CPU
		{186A8BDB-8A2D-4E16-9F7C-36F33960809D}.Debug|Any CPU.Build.0 = Debug|Any CPU
		{186A8BDB-8A2D-4E16-9F7C-36F33960809D}.Release|Any CPU.ActiveCfg = Release|Any CPU
		{186A8BDB-8A2D-4E16-9F7C-36F33960809D}.Release|Any CPU.Build.0 = Release|Any CPU
		{01974482-F9CA-41E7-A9EF-EB13C939570F}.Debug|Any CPU.ActiveCfg = Debug|Any CPU
		{01974482-F9CA-41E7-A9EF-EB13C939570F}.Debug|Any CPU.Build.0 = Debug|Any CPU
		{01974482-F9CA-41E7-A9EF-EB13C939570F}.Release|Any CPU.ActiveCfg = Release|Any CPU
		{01974482-F9CA-41E7-A9EF-EB13C939570F}.Release|Any CPU.Build.0 = Release|Any CPU
		{B0BC26F8-5011-44DE-B516-643683DB7655}.Debug|Any CPU.ActiveCfg = Debug|Any CPU
		{B0BC26F8-5011-44DE-B516-643683DB7655}.Debug|Any CPU.Build.0 = Debug|Any CPU
		{B0BC26F8-5011-44DE-B516-643683DB7655}.Release|Any CPU.ActiveCfg = Release|Any CPU
		{B0BC26F8-5011-44DE-B516-643683DB7655}.Release|Any CPU.Build.0 = Release|Any CPU
	EndGlobalSection
	GlobalSection(SolutionProperties) = preSolution
		HideSolutionNode = FALSE
	EndGlobalSection
	GlobalSection(NestedProjects) = preSolution
		{D1B8F25F-68ED-470B-B996-436FE321F74A} = {B8A3E282-3D4E-44DB-A7AC-3B7A076367FE}
		{18360BC4-577D-41F0-AFA8-054AF749DD8E} = {B8A3E282-3D4E-44DB-A7AC-3B7A076367FE}
		{DCF684C5-594A-471C-BD43-128F16B1E7A5} = {B8A3E282-3D4E-44DB-A7AC-3B7A076367FE}
		{437F36CC-358E-41B4-A875-FA79F518DC6F} = {B8A3E282-3D4E-44DB-A7AC-3B7A076367FE}
		{79640129-15A3-4AB6-9473-FE4EBAC334E2} = {B8A3E282-3D4E-44DB-A7AC-3B7A076367FE}
		{2ACDE867-4B21-40B1-AC52-A14BDA260787} = {B8A3E282-3D4E-44DB-A7AC-3B7A076367FE}
		{65289D82-D632-4804-9F00-CCBB39F8D561} = {0E239259-0BC3-4521-AD60-07CB87263140}
		{0D5EE763-EFAC-4DE7-8F19-69452908B307} = {0E239259-0BC3-4521-AD60-07CB87263140}
		{02F4EBDC-FAF4-46E8-B685-35877A5D4A3C} = {EEF78D51-F42A-4C99-B6F1-5AB3CFDB6F26}
		{7D49DBA3-2A22-4DE9-B668-E73E29C3D7A7} = {EEF78D51-F42A-4C99-B6F1-5AB3CFDB6F26}
		{186A8BDB-8A2D-4E16-9F7C-36F33960809D} = {EEF78D51-F42A-4C99-B6F1-5AB3CFDB6F26}
		{01974482-F9CA-41E7-A9EF-EB13C939570F} = {B8A3E282-3D4E-44DB-A7AC-3B7A076367FE}
		{B0BC26F8-5011-44DE-B516-643683DB7655} = {0E239259-0BC3-4521-AD60-07CB87263140}
	EndGlobalSection
	GlobalSection(ExtensibilityGlobals) = postSolution
		SolutionGuid = {00817A77-E446-44AB-B6ED-7DC2217BF385}
	EndGlobalSection
EndGlobal
