
Microsoft Visual Studio Solution File, Format Version 12.00
# Visual Studio Version 16
VisualStudioVersion = 16.0.29326.143
MinimumVisualStudioVersion = 10.0.40219.1
Project("{2150E333-8FDC-42A3-9474-1A3956D46DE8}") = "src", "src", "{611006C4-BCE9-4EDC-8473-A85530C7FADE}"
EndProject
Project("{9A19103F-16F7-4668-BE54-9A1E7A4F7556}") = "OSharp", "src\OSharp\OSharp.csproj", "{DEBA7226-EED4-4B8F-96C0-54EFF0A9317B}"
EndProject
Project("{9A19103F-16F7-4668-BE54-9A1E7A4F7556}") = "OSharp.AspNetCore", "src\OSharp.AspNetCore\OSharp.AspNetCore.csproj", "{AD72A2F8-8E56-471A-8B6C-EE409BA37C60}"
EndProject
Project("{9A19103F-16F7-4668-BE54-9A1E7A4F7556}") = "OSharp.AutoMapper", "src\OSharp.AutoMapper\OSharp.AutoMapper.csproj", "{1C047E4B-774D-4BAF-955D-C36303F21DFB}"
EndProject
Project("{9A19103F-16F7-4668-BE54-9A1E7A4F7556}") = "OSharp.EntityFrameworkCore", "src\OSharp.EntityFrameworkCore\OSharp.EntityFrameworkCore.csproj", "{483FDD55-0867-46C1-81D5-5E97BE9022EA}"
EndProject
Project("{9A19103F-16F7-4668-BE54-9A1E7A4F7556}") = "OSharp.EntityFrameworkCore.MySql", "src\OSharp.EntityFrameworkCore.MySql\OSharp.EntityFrameworkCore.MySql.csproj", "{13E3D2B2-B99D-4BDB-A0C4-7B21BD017EA2}"
EndProject
Project("{9A19103F-16F7-4668-BE54-9A1E7A4F7556}") = "OSharp.EntityFrameworkCore.PostgreSql", "src\OSharp.EntityFrameworkCore.PostgreSql\OSharp.EntityFrameworkCore.PostgreSql.csproj", "{2D4CE8C3-B336-4403-9DE2-1BD626BFE90B}"
EndProject
Project("{9A19103F-16F7-4668-BE54-9A1E7A4F7556}") = "OSharp.EntityFrameworkCore.Sqlite", "src\OSharp.EntityFrameworkCore.Sqlite\OSharp.EntityFrameworkCore.Sqlite.csproj", "{386EAF51-6AA5-4176-86E8-10B1C092A739}"
EndProject
Project("{9A19103F-16F7-4668-BE54-9A1E7A4F7556}") = "OSharp.EntityFrameworkCore.SqlServer", "src\OSharp.EntityFrameworkCore.SqlServer\OSharp.EntityFrameworkCore.SqlServer.csproj", "{7074A033-9087-4198-BC59-31B33C94EC8D}"
EndProject
Project("{9A19103F-16F7-4668-BE54-9A1E7A4F7556}") = "OSharp.Hangfire", "src\OSharp.Hangfire\OSharp.Hangfire.csproj", "{6372FCF6-7B53-4716-9CB9-AE0FA192EB6A}"
EndProject
Project("{9A19103F-16F7-4668-BE54-9A1E7A4F7556}") = "OSharp.Log4Net", "src\OSharp.Log4Net\OSharp.Log4Net.csproj", "{1E560A54-864A-496B-A770-105CDBFE4C6E}"
EndProject
Project("{9A19103F-16F7-4668-BE54-9A1E7A4F7556}") = "OSharp.MiniProfiler", "src\OSharp.MiniProfiler\OSharp.MiniProfiler.csproj", "{22F6657E-626C-41DF-AB9F-02ACE3752038}"
EndProject
Project("{9A19103F-16F7-4668-BE54-9A1E7A4F7556}") = "OSharp.NLog", "src\OSharp.NLog\OSharp.NLog.csproj", "{41A076D2-E9C1-4DE2-A116-D05544EB967D}"
EndProject
Project("{9A19103F-16F7-4668-BE54-9A1E7A4F7556}") = "OSharp.Redis", "src\OSharp.Redis\OSharp.Redis.csproj", "{2E068082-A6F8-4FD7-8002-1DD8C649C46F}"
EndProject
Project("{9A19103F-16F7-4668-BE54-9A1E7A4F7556}") = "OSharp.Swagger", "src\OSharp.Swagger\OSharp.Swagger.csproj", "{A998F090-4147-4FFB-9E8F-77DDACD55641}"
EndProject
Project("{2150E333-8FDC-42A3-9474-1A3956D46DE8}") = "build", "build", "{0E0B758C-85E0-456E-BE7D-A68E4A2B3D6C}"
	ProjectSection(SolutionItems) = preProject
		build\nuget-build.ps1 = build\nuget-build.ps1
		build\nuget-delete.ps1 = build\nuget-delete.ps1
		build\OSharpNS.nuspec = build\OSharpNS.nuspec
		build\public.props = build\public.props
		README.md = README.md
		docs\articles\updatelogs.md = docs\articles\updatelogs.md
		build\version.props = build\version.props
	EndProjectSection
EndProject
Project("{2150E333-8FDC-42A3-9474-1A3956D46DE8}") = "tests", "tests", "{076AC484-B515-4590-BA3E-59D0CCBA3E3A}"
EndProject
Project("{2150E333-8FDC-42A3-9474-1A3956D46DE8}") = "samples", "samples", "{D06C79AC-DB5A-4379-BA2B-5208CF3FBC23}"
EndProject
Project("{2150E333-8FDC-42A3-9474-1A3956D46DE8}") = "web", "web", "{97AC2C5A-5B18-4B4A-BE98-5AD4D68357E5}"
EndProject
Project("{9A19103F-16F7-4668-BE54-9A1E7A4F7556}") = "Liuliu.Demo.Core", "samples\web\Liuliu.Demo.Core\Liuliu.Demo.Core.csproj", "{3E94506B-5A3E-4B8E-AD87-452BB174028E}"
EndProject
Project("{9A19103F-16F7-4668-BE54-9A1E7A4F7556}") = "Liuliu.Demo.EntityConfiguration", "samples\web\Liuliu.Demo.EntityConfiguration\Liuliu.Demo.EntityConfiguration.csproj", "{BB625BE8-CEDF-40E8-B596-3CB8CC3E281F}"
EndProject
Project("{9A19103F-16F7-4668-BE54-9A1E7A4F7556}") = "Liuliu.Demo.Web", "samples\web\Liuliu.Demo.Web\Liuliu.Demo.Web.csproj", "{7A5907F6-C38F-45A7-B2A2-C172A7723FB0}"
EndProject
Project("{9A19103F-16F7-4668-BE54-9A1E7A4F7556}") = "OSharp.UnitTest.Infrastructure", "tests\OSharp.UnitTest.Infrastructure\OSharp.UnitTest.Infrastructure.csproj", "{1B047F1A-FECC-4887-962B-E6B165B23D8F}"
EndProject
Project("{9A19103F-16F7-4668-BE54-9A1E7A4F7556}") = "OSharp.Tests", "tests\OSharp.Tests\OSharp.Tests.csproj", "{BE36FDE0-84ED-47DD-AC78-9E86F1064015}"
EndProject
Project("{9A19103F-16F7-4668-BE54-9A1E7A4F7556}") = "Liuliu.Demo.Core.Tests", "tests\Liuliu.Demo.Core.Tests\Liuliu.Demo.Core.Tests.csproj", "{4313E9E7-B5B1-4304-AE32-59067C82F380}"
EndProject
Project("{9A19103F-16F7-4668-BE54-9A1E7A4F7556}") = "OSharp.Wpf", "src\OSharp.Wpf\OSharp.Wpf.csproj", "{D926CFBD-1420-41DA-98F5-A873C955BB44}"
EndProject
Project("{9A19103F-16F7-4668-BE54-9A1E7A4F7556}") = "OSharp.AspNetCore.Tests", "tests\OSharp.AspNetCore.Tests\OSharp.AspNetCore.Tests.csproj", "{88731BE4-D4BB-4EFB-8F15-6F78FA93EAFB}"
EndProject
Project("{9A19103F-16F7-4668-BE54-9A1E7A4F7556}") = "OSharp.Identity", "src\OSharp.Identity\OSharp.Identity.csproj", "{6EDD457E-7848-47B9-A449-323AAFE854D0}"
EndProject
Project("{9A19103F-16F7-4668-BE54-9A1E7A4F7556}") = "OSharp.Authorization.Functions", "src\OSharp.Authorization.Functions\OSharp.Authorization.Functions.csproj", "{2A9C56F8-E906-4DD6-87A9-C540C2DF50FB}"
EndProject
Project("{9A19103F-16F7-4668-BE54-9A1E7A4F7556}") = "OSharp.Authorization.Datas", "src\OSharp.Authorization.Datas\OSharp.Authorization.Datas.csproj", "{EA6307A2-ECC2-4469-A937-CA59B0344ED5}"
EndProject
Project("{9A19103F-16F7-4668-BE54-9A1E7A4F7556}") = "Liuliu.Demo.WebApi", "samples\web\Liuliu.Demo.WebApi\Liuliu.Demo.WebApi.csproj", "{4CAF8878-50F0-4DDB-B7AF-06722C3C840D}"
EndProject
Project("{9A19103F-16F7-4668-BE54-9A1E7A4F7556}") = "OSharp.Hosting.Core", "src\OSharp.Hosting.Core\OSharp.Hosting.Core.csproj", "{9CA30C8D-B1A6-4655-96EA-487EE9402ECE}"
EndProject
Project("{9A19103F-16F7-4668-BE54-9A1E7A4F7556}") = "OSharp.Hosting.EntityConfiguration", "src\OSharp.Hosting.EntityConfiguration\OSharp.Hosting.EntityConfiguration.csproj", "{FD428746-CA60-4F80-BC53-BA1A69CF739F}"
EndProject
Project("{9A19103F-16F7-4668-BE54-9A1E7A4F7556}") = "OSharp.Hosting.Apis", "src\OSharp.Hosting.Apis\OSharp.Hosting.Apis.csproj", "{3C2FF651-1C3F-4A8B-AB77-89E26DA260D0}"
EndProject
Project("{9A19103F-16F7-4668-BE54-9A1E7A4F7556}") = "OSharp.EntityFrameworkCore.Oracle", "src\OSharp.EntityFrameworkCore.Oracle\OSharp.EntityFrameworkCore.Oracle.csproj", "{4E26B25A-11F4-445E-AE75-BCE02FA3CA29}"
EndProject
Project("{9A19103F-16F7-4668-BE54-9A1E7A4F7556}") = "OSharp.Exceptionless", "src\OSharp.Exceptionless\OSharp.Exceptionless.csproj", "{DF42EE5B-627F-408D-8E7F-675FACD5A318}"
EndProject
Project("{2150E333-8FDC-42A3-9474-1A3956D46DE8}") = "webapi", "webapi", "{DBDD134B-7B37-48A4-855E-7D24E798FF63}"
EndProject
Global
	GlobalSection(SolutionConfigurationPlatforms) = preSolution
		Debug|Any CPU = Debug|Any CPU
		Release|Any CPU = Release|Any CPU
	EndGlobalSection
	GlobalSection(ProjectConfigurationPlatforms) = postSolution
		{DEBA7226-EED4-4B8F-96C0-54EFF0A9317B}.Debug|Any CPU.ActiveCfg = Debug|Any CPU
		{DEBA7226-EED4-4B8F-96C0-54EFF0A9317B}.Debug|Any CPU.Build.0 = Debug|Any CPU
		{DEBA7226-EED4-4B8F-96C0-54EFF0A9317B}.Release|Any CPU.ActiveCfg = Release|Any CPU
		{DEBA7226-EED4-4B8F-96C0-54EFF0A9317B}.Release|Any CPU.Build.0 = Release|Any CPU
		{AD72A2F8-8E56-471A-8B6C-EE409BA37C60}.Debug|Any CPU.ActiveCfg = Debug|Any CPU
		{AD72A2F8-8E56-471A-8B6C-EE409BA37C60}.Debug|Any CPU.Build.0 = Debug|Any CPU
		{AD72A2F8-8E56-471A-8B6C-EE409BA37C60}.Release|Any CPU.ActiveCfg = Release|Any CPU
		{AD72A2F8-8E56-471A-8B6C-EE409BA37C60}.Release|Any CPU.Build.0 = Release|Any CPU
		{1C047E4B-774D-4BAF-955D-C36303F21DFB}.Debug|Any CPU.ActiveCfg = Debug|Any CPU
		{1C047E4B-774D-4BAF-955D-C36303F21DFB}.Debug|Any CPU.Build.0 = Debug|Any CPU
		{1C047E4B-774D-4BAF-955D-C36303F21DFB}.Release|Any CPU.ActiveCfg = Release|Any CPU
		{1C047E4B-774D-4BAF-955D-C36303F21DFB}.Release|Any CPU.Build.0 = Release|Any CPU
		{483FDD55-0867-46C1-81D5-5E97BE9022EA}.Debug|Any CPU.ActiveCfg = Debug|Any CPU
		{483FDD55-0867-46C1-81D5-5E97BE9022EA}.Debug|Any CPU.Build.0 = Debug|Any CPU
		{483FDD55-0867-46C1-81D5-5E97BE9022EA}.Release|Any CPU.ActiveCfg = Release|Any CPU
		{483FDD55-0867-46C1-81D5-5E97BE9022EA}.Release|Any CPU.Build.0 = Release|Any CPU
		{13E3D2B2-B99D-4BDB-A0C4-7B21BD017EA2}.Debug|Any CPU.ActiveCfg = Debug|Any CPU
		{13E3D2B2-B99D-4BDB-A0C4-7B21BD017EA2}.Debug|Any CPU.Build.0 = Debug|Any CPU
		{13E3D2B2-B99D-4BDB-A0C4-7B21BD017EA2}.Release|Any CPU.ActiveCfg = Release|Any CPU
		{13E3D2B2-B99D-4BDB-A0C4-7B21BD017EA2}.Release|Any CPU.Build.0 = Release|Any CPU
		{2D4CE8C3-B336-4403-9DE2-1BD626BFE90B}.Debug|Any CPU.ActiveCfg = Debug|Any CPU
		{2D4CE8C3-B336-4403-9DE2-1BD626BFE90B}.Debug|Any CPU.Build.0 = Debug|Any CPU
		{2D4CE8C3-B336-4403-9DE2-1BD626BFE90B}.Release|Any CPU.ActiveCfg = Release|Any CPU
		{2D4CE8C3-B336-4403-9DE2-1BD626BFE90B}.Release|Any CPU.Build.0 = Release|Any CPU
		{386EAF51-6AA5-4176-86E8-10B1C092A739}.Debug|Any CPU.ActiveCfg = Debug|Any CPU
		{386EAF51-6AA5-4176-86E8-10B1C092A739}.Debug|Any CPU.Build.0 = Debug|Any CPU
		{386EAF51-6AA5-4176-86E8-10B1C092A739}.Release|Any CPU.ActiveCfg = Release|Any CPU
		{386EAF51-6AA5-4176-86E8-10B1C092A739}.Release|Any CPU.Build.0 = Release|Any CPU
		{7074A033-9087-4198-BC59-31B33C94EC8D}.Debug|Any CPU.ActiveCfg = Debug|Any CPU
		{7074A033-9087-4198-BC59-31B33C94EC8D}.Debug|Any CPU.Build.0 = Debug|Any CPU
		{7074A033-9087-4198-BC59-31B33C94EC8D}.Release|Any CPU.ActiveCfg = Release|Any CPU
		{7074A033-9087-4198-BC59-31B33C94EC8D}.Release|Any CPU.Build.0 = Release|Any CPU
		{6372FCF6-7B53-4716-9CB9-AE0FA192EB6A}.Debug|Any CPU.ActiveCfg = Debug|Any CPU
		{6372FCF6-7B53-4716-9CB9-AE0FA192EB6A}.Debug|Any CPU.Build.0 = Debug|Any CPU
		{6372FCF6-7B53-4716-9CB9-AE0FA192EB6A}.Release|Any CPU.ActiveCfg = Release|Any CPU
		{6372FCF6-7B53-4716-9CB9-AE0FA192EB6A}.Release|Any CPU.Build.0 = Release|Any CPU
		{1E560A54-864A-496B-A770-105CDBFE4C6E}.Debug|Any CPU.ActiveCfg = Debug|Any CPU
		{1E560A54-864A-496B-A770-105CDBFE4C6E}.Debug|Any CPU.Build.0 = Debug|Any CPU
		{1E560A54-864A-496B-A770-105CDBFE4C6E}.Release|Any CPU.ActiveCfg = Release|Any CPU
		{1E560A54-864A-496B-A770-105CDBFE4C6E}.Release|Any CPU.Build.0 = Release|Any CPU
		{22F6657E-626C-41DF-AB9F-02ACE3752038}.Debug|Any CPU.ActiveCfg = Debug|Any CPU
		{22F6657E-626C-41DF-AB9F-02ACE3752038}.Debug|Any CPU.Build.0 = Debug|Any CPU
		{22F6657E-626C-41DF-AB9F-02ACE3752038}.Release|Any CPU.ActiveCfg = Release|Any CPU
		{22F6657E-626C-41DF-AB9F-02ACE3752038}.Release|Any CPU.Build.0 = Release|Any CPU
		{41A076D2-E9C1-4DE2-A116-D05544EB967D}.Debug|Any CPU.ActiveCfg = Debug|Any CPU
		{41A076D2-E9C1-4DE2-A116-D05544EB967D}.Debug|Any CPU.Build.0 = Debug|Any CPU
		{41A076D2-E9C1-4DE2-A116-D05544EB967D}.Release|Any CPU.ActiveCfg = Release|Any CPU
		{41A076D2-E9C1-4DE2-A116-D05544EB967D}.Release|Any CPU.Build.0 = Release|Any CPU
		{2E068082-A6F8-4FD7-8002-1DD8C649C46F}.Debug|Any CPU.ActiveCfg = Debug|Any CPU
		{2E068082-A6F8-4FD7-8002-1DD8C649C46F}.Debug|Any CPU.Build.0 = Debug|Any CPU
		{2E068082-A6F8-4FD7-8002-1DD8C649C46F}.Release|Any CPU.ActiveCfg = Release|Any CPU
		{2E068082-A6F8-4FD7-8002-1DD8C649C46F}.Release|Any CPU.Build.0 = Release|Any CPU
		{A998F090-4147-4FFB-9E8F-77DDACD55641}.Debug|Any CPU.ActiveCfg = Debug|Any CPU
		{A998F090-4147-4FFB-9E8F-77DDACD55641}.Debug|Any CPU.Build.0 = Debug|Any CPU
		{A998F090-4147-4FFB-9E8F-77DDACD55641}.Release|Any CPU.ActiveCfg = Release|Any CPU
		{A998F090-4147-4FFB-9E8F-77DDACD55641}.Release|Any CPU.Build.0 = Release|Any CPU
		{3E94506B-5A3E-4B8E-AD87-452BB174028E}.Debug|Any CPU.ActiveCfg = Debug|Any CPU
		{3E94506B-5A3E-4B8E-AD87-452BB174028E}.Debug|Any CPU.Build.0 = Debug|Any CPU
		{3E94506B-5A3E-4B8E-AD87-452BB174028E}.Release|Any CPU.ActiveCfg = Release|Any CPU
		{3E94506B-5A3E-4B8E-AD87-452BB174028E}.Release|Any CPU.Build.0 = Release|Any CPU
		{BB625BE8-CEDF-40E8-B596-3CB8CC3E281F}.Debug|Any CPU.ActiveCfg = Debug|Any CPU
		{BB625BE8-CEDF-40E8-B596-3CB8CC3E281F}.Debug|Any CPU.Build.0 = Debug|Any CPU
		{BB625BE8-CEDF-40E8-B596-3CB8CC3E281F}.Release|Any CPU.ActiveCfg = Release|Any CPU
		{BB625BE8-CEDF-40E8-B596-3CB8CC3E281F}.Release|Any CPU.Build.0 = Release|Any CPU
		{7A5907F6-C38F-45A7-B2A2-C172A7723FB0}.Debug|Any CPU.ActiveCfg = Debug|Any CPU
		{7A5907F6-C38F-45A7-B2A2-C172A7723FB0}.Debug|Any CPU.Build.0 = Debug|Any CPU
		{7A5907F6-C38F-45A7-B2A2-C172A7723FB0}.Release|Any CPU.ActiveCfg = Release|Any CPU
		{7A5907F6-C38F-45A7-B2A2-C172A7723FB0}.Release|Any CPU.Build.0 = Release|Any CPU
		{1B047F1A-FECC-4887-962B-E6B165B23D8F}.Debug|Any CPU.ActiveCfg = Debug|Any CPU
		{1B047F1A-FECC-4887-962B-E6B165B23D8F}.Debug|Any CPU.Build.0 = Debug|Any CPU
		{1B047F1A-FECC-4887-962B-E6B165B23D8F}.Release|Any CPU.ActiveCfg = Release|Any CPU
		{1B047F1A-FECC-4887-962B-E6B165B23D8F}.Release|Any CPU.Build.0 = Release|Any CPU
		{BE36FDE0-84ED-47DD-AC78-9E86F1064015}.Debug|Any CPU.ActiveCfg = Debug|Any CPU
		{BE36FDE0-84ED-47DD-AC78-9E86F1064015}.Debug|Any CPU.Build.0 = Debug|Any CPU
		{BE36FDE0-84ED-47DD-AC78-9E86F1064015}.Release|Any CPU.ActiveCfg = Release|Any CPU
		{BE36FDE0-84ED-47DD-AC78-9E86F1064015}.Release|Any CPU.Build.0 = Release|Any CPU
		{4313E9E7-B5B1-4304-AE32-59067C82F380}.Debug|Any CPU.ActiveCfg = Debug|Any CPU
		{4313E9E7-B5B1-4304-AE32-59067C82F380}.Debug|Any CPU.Build.0 = Debug|Any CPU
		{4313E9E7-B5B1-4304-AE32-59067C82F380}.Release|Any CPU.ActiveCfg = Release|Any CPU
		{4313E9E7-B5B1-4304-AE32-59067C82F380}.Release|Any CPU.Build.0 = Release|Any CPU
		{D926CFBD-1420-41DA-98F5-A873C955BB44}.Debug|Any CPU.ActiveCfg = Debug|Any CPU
		{D926CFBD-1420-41DA-98F5-A873C955BB44}.Debug|Any CPU.Build.0 = Debug|Any CPU
		{D926CFBD-1420-41DA-98F5-A873C955BB44}.Release|Any CPU.ActiveCfg = Release|Any CPU
		{D926CFBD-1420-41DA-98F5-A873C955BB44}.Release|Any CPU.Build.0 = Release|Any CPU
		{88731BE4-D4BB-4EFB-8F15-6F78FA93EAFB}.Debug|Any CPU.ActiveCfg = Debug|Any CPU
		{88731BE4-D4BB-4EFB-8F15-6F78FA93EAFB}.Debug|Any CPU.Build.0 = Debug|Any CPU
		{88731BE4-D4BB-4EFB-8F15-6F78FA93EAFB}.Release|Any CPU.ActiveCfg = Release|Any CPU
		{88731BE4-D4BB-4EFB-8F15-6F78FA93EAFB}.Release|Any CPU.Build.0 = Release|Any CPU
		{6EDD457E-7848-47B9-A449-323AAFE854D0}.Debug|Any CPU.ActiveCfg = Debug|Any CPU
		{6EDD457E-7848-47B9-A449-323AAFE854D0}.Debug|Any CPU.Build.0 = Debug|Any CPU
		{6EDD457E-7848-47B9-A449-323AAFE854D0}.Release|Any CPU.ActiveCfg = Release|Any CPU
		{6EDD457E-7848-47B9-A449-323AAFE854D0}.Release|Any CPU.Build.0 = Release|Any CPU
		{2A9C56F8-E906-4DD6-87A9-C540C2DF50FB}.Debug|Any CPU.ActiveCfg = Debug|Any CPU
		{2A9C56F8-E906-4DD6-87A9-C540C2DF50FB}.Debug|Any CPU.Build.0 = Debug|Any CPU
		{2A9C56F8-E906-4DD6-87A9-C540C2DF50FB}.Release|Any CPU.ActiveCfg = Release|Any CPU
		{2A9C56F8-E906-4DD6-87A9-C540C2DF50FB}.Release|Any CPU.Build.0 = Release|Any CPU
		{EA6307A2-ECC2-4469-A937-CA59B0344ED5}.Debug|Any CPU.ActiveCfg = Debug|Any CPU
		{EA6307A2-ECC2-4469-A937-CA59B0344ED5}.Debug|Any CPU.Build.0 = Debug|Any CPU
		{EA6307A2-ECC2-4469-A937-CA59B0344ED5}.Release|Any CPU.ActiveCfg = Release|Any CPU
		{EA6307A2-ECC2-4469-A937-CA59B0344ED5}.Release|Any CPU.Build.0 = Release|Any CPU
		{4CAF8878-50F0-4DDB-B7AF-06722C3C840D}.Debug|Any CPU.ActiveCfg = Debug|Any CPU
		{4CAF8878-50F0-4DDB-B7AF-06722C3C840D}.Debug|Any CPU.Build.0 = Debug|Any CPU
		{4CAF8878-50F0-4DDB-B7AF-06722C3C840D}.Release|Any CPU.ActiveCfg = Release|Any CPU
		{4CAF8878-50F0-4DDB-B7AF-06722C3C840D}.Release|Any CPU.Build.0 = Release|Any CPU
		{9CA30C8D-B1A6-4655-96EA-487EE9402ECE}.Debug|Any CPU.ActiveCfg = Debug|Any CPU
		{9CA30C8D-B1A6-4655-96EA-487EE9402ECE}.Debug|Any CPU.Build.0 = Debug|Any CPU
		{9CA30C8D-B1A6-4655-96EA-487EE9402ECE}.Release|Any CPU.ActiveCfg = Release|Any CPU
		{9CA30C8D-B1A6-4655-96EA-487EE9402ECE}.Release|Any CPU.Build.0 = Release|Any CPU
		{FD428746-CA60-4F80-BC53-BA1A69CF739F}.Debug|Any CPU.ActiveCfg = Debug|Any CPU
		{FD428746-CA60-4F80-BC53-BA1A69CF739F}.Debug|Any CPU.Build.0 = Debug|Any CPU
		{FD428746-CA60-4F80-BC53-BA1A69CF739F}.Release|Any CPU.ActiveCfg = Release|Any CPU
		{FD428746-CA60-4F80-BC53-BA1A69CF739F}.Release|Any CPU.Build.0 = Release|Any CPU
		{3C2FF651-1C3F-4A8B-AB77-89E26DA260D0}.Debug|Any CPU.ActiveCfg = Debug|Any CPU
		{3C2FF651-1C3F-4A8B-AB77-89E26DA260D0}.Debug|Any CPU.Build.0 = Debug|Any CPU
		{3C2FF651-1C3F-4A8B-AB77-89E26DA260D0}.Release|Any CPU.ActiveCfg = Release|Any CPU
		{3C2FF651-1C3F-4A8B-AB77-89E26DA260D0}.Release|Any CPU.Build.0 = Release|Any CPU
		{4E26B25A-11F4-445E-AE75-BCE02FA3CA29}.Debug|Any CPU.ActiveCfg = Debug|Any CPU
		{4E26B25A-11F4-445E-AE75-BCE02FA3CA29}.Debug|Any CPU.Build.0 = Debug|Any CPU
		{4E26B25A-11F4-445E-AE75-BCE02FA3CA29}.Release|Any CPU.ActiveCfg = Release|Any CPU
		{4E26B25A-11F4-445E-AE75-BCE02FA3CA29}.Release|Any CPU.Build.0 = Release|Any CPU
		{DF42EE5B-627F-408D-8E7F-675FACD5A318}.Debug|Any CPU.ActiveCfg = Debug|Any CPU
		{DF42EE5B-627F-408D-8E7F-675FACD5A318}.Debug|Any CPU.Build.0 = Debug|Any CPU
		{DF42EE5B-627F-408D-8E7F-675FACD5A318}.Release|Any CPU.ActiveCfg = Release|Any CPU
		{DF42EE5B-627F-408D-8E7F-675FACD5A318}.Release|Any CPU.Build.0 = Release|Any CPU
	EndGlobalSection
	GlobalSection(SolutionProperties) = preSolution
		HideSolutionNode = FALSE
	EndGlobalSection
	GlobalSection(NestedProjects) = preSolution
		{DEBA7226-EED4-4B8F-96C0-54EFF0A9317B} = {611006C4-BCE9-4EDC-8473-A85530C7FADE}
		{AD72A2F8-8E56-471A-8B6C-EE409BA37C60} = {611006C4-BCE9-4EDC-8473-A85530C7FADE}
		{1C047E4B-774D-4BAF-955D-C36303F21DFB} = {611006C4-BCE9-4EDC-8473-A85530C7FADE}
		{483FDD55-0867-46C1-81D5-5E97BE9022EA} = {611006C4-BCE9-4EDC-8473-A85530C7FADE}
		{13E3D2B2-B99D-4BDB-A0C4-7B21BD017EA2} = {611006C4-BCE9-4EDC-8473-A85530C7FADE}
		{2D4CE8C3-B336-4403-9DE2-1BD626BFE90B} = {611006C4-BCE9-4EDC-8473-A85530C7FADE}
		{386EAF51-6AA5-4176-86E8-10B1C092A739} = {611006C4-BCE9-4EDC-8473-A85530C7FADE}
		{7074A033-9087-4198-BC59-31B33C94EC8D} = {611006C4-BCE9-4EDC-8473-A85530C7FADE}
		{6372FCF6-7B53-4716-9CB9-AE0FA192EB6A} = {611006C4-BCE9-4EDC-8473-A85530C7FADE}
		{1E560A54-864A-496B-A770-105CDBFE4C6E} = {611006C4-BCE9-4EDC-8473-A85530C7FADE}
		{22F6657E-626C-41DF-AB9F-02ACE3752038} = {611006C4-BCE9-4EDC-8473-A85530C7FADE}
		{41A076D2-E9C1-4DE2-A116-D05544EB967D} = {611006C4-BCE9-4EDC-8473-A85530C7FADE}
		{2E068082-A6F8-4FD7-8002-1DD8C649C46F} = {611006C4-BCE9-4EDC-8473-A85530C7FADE}
		{A998F090-4147-4FFB-9E8F-77DDACD55641} = {611006C4-BCE9-4EDC-8473-A85530C7FADE}
		{97AC2C5A-5B18-4B4A-BE98-5AD4D68357E5} = {D06C79AC-DB5A-4379-BA2B-5208CF3FBC23}
		{3E94506B-5A3E-4B8E-AD87-452BB174028E} = {97AC2C5A-5B18-4B4A-BE98-5AD4D68357E5}
		{BB625BE8-CEDF-40E8-B596-3CB8CC3E281F} = {97AC2C5A-5B18-4B4A-BE98-5AD4D68357E5}
		{7A5907F6-C38F-45A7-B2A2-C172A7723FB0} = {97AC2C5A-5B18-4B4A-BE98-5AD4D68357E5}
		{1B047F1A-FECC-4887-962B-E6B165B23D8F} = {076AC484-B515-4590-BA3E-59D0CCBA3E3A}
		{BE36FDE0-84ED-47DD-AC78-9E86F1064015} = {076AC484-B515-4590-BA3E-59D0CCBA3E3A}
		{4313E9E7-B5B1-4304-AE32-59067C82F380} = {076AC484-B515-4590-BA3E-59D0CCBA3E3A}
		{D926CFBD-1420-41DA-98F5-A873C955BB44} = {611006C4-BCE9-4EDC-8473-A85530C7FADE}
		{88731BE4-D4BB-4EFB-8F15-6F78FA93EAFB} = {076AC484-B515-4590-BA3E-59D0CCBA3E3A}
		{6EDD457E-7848-47B9-A449-323AAFE854D0} = {611006C4-BCE9-4EDC-8473-A85530C7FADE}
		{2A9C56F8-E906-4DD6-87A9-C540C2DF50FB} = {611006C4-BCE9-4EDC-8473-A85530C7FADE}
		{EA6307A2-ECC2-4469-A937-CA59B0344ED5} = {611006C4-BCE9-4EDC-8473-A85530C7FADE}
		{4CAF8878-50F0-4DDB-B7AF-06722C3C840D} = {DBDD134B-7B37-48A4-855E-7D24E798FF63}
		{9CA30C8D-B1A6-4655-96EA-487EE9402ECE} = {611006C4-BCE9-4EDC-8473-A85530C7FADE}
		{FD428746-CA60-4F80-BC53-BA1A69CF739F} = {611006C4-BCE9-4EDC-8473-A85530C7FADE}
		{3C2FF651-1C3F-4A8B-AB77-89E26DA260D0} = {611006C4-BCE9-4EDC-8473-A85530C7FADE}
		{4E26B25A-11F4-445E-AE75-BCE02FA3CA29} = {611006C4-BCE9-4EDC-8473-A85530C7FADE}
		{DF42EE5B-627F-408D-8E7F-675FACD5A318} = {611006C4-BCE9-4EDC-8473-A85530C7FADE}
		{DBDD134B-7B37-48A4-855E-7D24E798FF63} = {D06C79AC-DB5A-4379-BA2B-5208CF3FBC23}
	EndGlobalSection
	GlobalSection(ExtensibilityGlobals) = postSolution
		SolutionGuid = {F1A8840B-B7DE-410D-9FA7-BA36515D2E11}
	EndGlobalSection
EndGlobal
